
Microsoft Visual Studio Solution File, Format Version 12.00
# Visual Studio Version 17
VisualStudioVersion = 17.5.002.0
MinimumVisualStudioVersion = 10.0.40219.1
Project("{2150E333-8FDC-42A3-9474-1A3956D46DE8}") = "csharp-prep", "csharp-prep", "{CDF65781-C5AD-4D2C-9AB9-D36CD1A937EA}"
EndProject
Project("{9A19103F-16F7-4668-BE54-9A1E7A4F7556}") = "Prep1", "csharp-prep\Prep1\Prep1.csproj", "{250A3188-A55A-4A41-ADAB-95436F1B7950}"
EndProject
Project("{9A19103F-16F7-4668-BE54-9A1E7A4F7556}") = "Prep2", "csharp-prep\Prep2\Prep2.csproj", "{A1F4E4A4-819D-4753-91A2-CA932A52EDCE}"
EndProject
Project("{9A19103F-16F7-4668-BE54-9A1E7A4F7556}") = "Prep3", "csharp-prep\Prep3\Prep3.csproj", "{68FE6569-D252-457E-8EC3-D7A8965AB1FA}"
EndProject
Project("{9A19103F-16F7-4668-BE54-9A1E7A4F7556}") = "Prep4", "csharp-prep\Prep4\Prep4.csproj", "{0EE149F3-671B-418F-BEA0-037761B1974F}"
EndProject
Project("{9A19103F-16F7-4668-BE54-9A1E7A4F7556}") = "Prep5", "csharp-prep\Prep5\Prep5.csproj", "{2EB8E430-B997-4BA8-AE1C-DE834CF5FD72}"
EndProject
Project("{2150E333-8FDC-42A3-9474-1A3956D46DE8}") = "final", "final", "{89680310-EF8E-47FC-8D56-971C7A1BC263}"
EndProject
Project("{9A19103F-16F7-4668-BE54-9A1E7A4F7556}") = "FinalProject", "final\FinalProject\FinalProject.csproj", "{A22ECED9-46F5-4F54-B2B4-3C62C0AECDF7}"
EndProject
Project("{9A19103F-16F7-4668-BE54-9A1E7A4F7556}") = "Foundation1", "final\Foundation1\Foundation1.csproj", "{DD4C0FD3-F996-4DAF-B62B-F1DA02A5E796}"
EndProject
Project("{9A19103F-16F7-4668-BE54-9A1E7A4F7556}") = "Foundation2", "final\Foundation2\Foundation2.csproj", "{8B532503-6B12-415B-8EBA-BC4A49C1FA0A}"
EndProject
Project("{9A19103F-16F7-4668-BE54-9A1E7A4F7556}") = "Foundation3", "final\Foundation3\Foundation3.csproj", "{A942A534-7C36-453E-95CF-8F44100CBA16}"
EndProject
Project("{9A19103F-16F7-4668-BE54-9A1E7A4F7556}") = "Foundation4", "final\Foundation4\Foundation4.csproj", "{5802A952-3DAF-45E0-8795-A9409538DAFA}"
EndProject
Project("{2150E333-8FDC-42A3-9474-1A3956D46DE8}") = "prepare", "prepare", "{CDD88066-AFBD-4A0D-BF59-7A26584045C3}"
EndProject
Project("{9A19103F-16F7-4668-BE54-9A1E7A4F7556}") = "Learning02", "prepare\Learning02\Learning02.csproj", "{DF798E74-9B45-4D67-ACDF-F0C6B23A5F13}"
EndProject
Project("{9A19103F-16F7-4668-BE54-9A1E7A4F7556}") = "Learning03", "prepare\Learning03\Learning03.csproj", "{B2CDBFEB-40E7-4F94-B04B-7069DA3702DB}"
EndProject
Project("{9A19103F-16F7-4668-BE54-9A1E7A4F7556}") = "Learning04", "prepare\Learning04\Learning04.csproj", "{D65A0556-6CFB-4C61-8BEB-10FD94E26B87}"
EndProject
Project("{9A19103F-16F7-4668-BE54-9A1E7A4F7556}") = "Learning05", "prepare\Learning05\Learning05.csproj", "{2E563BE8-1D43-41EC-A7AB-D6C86E8B4989}"
EndProject
Project("{2150E333-8FDC-42A3-9474-1A3956D46DE8}") = "prove", "prove", "{37480157-1069-49D3-9CC4-12FDE2FFA748}"
EndProject
Project("{9A19103F-16F7-4668-BE54-9A1E7A4F7556}") = "Develop02", "prove\Develop02\Develop02.csproj", "{BBD139C6-B0E4-4A09-A1CB-0EF0896DB5E6}"
EndProject
Project("{9A19103F-16F7-4668-BE54-9A1E7A4F7556}") = "Develop03", "prove\Develop03\Develop03.csproj", "{9CD42F62-0300-43F4-A8DF-29CBD49A7786}"
EndProject
Project("{9A19103F-16F7-4668-BE54-9A1E7A4F7556}") = "Develop04", "prove\Develop04\Develop04.csproj", "{BA69D0D7-D08C-48DA-B116-FDE20223C52E}"
EndProject
Project("{9A19103F-16F7-4668-BE54-9A1E7A4F7556}") = "Develop05", "prove\Develop05\Develop05.csproj", "{AA3FEC9C-49A7-4925-BA67-EA93A02133C9}"
EndProject
Project("{2150E333-8FDC-42A3-9474-1A3956D46DE8}") = "sandbox", "sandbox", "{3C06BBA5-7501-4BF9-873E-B2B709BF895D}"
EndProject
Project("{9A19103F-16F7-4668-BE54-9A1E7A4F7556}") = "Sandbox", "sandbox\Sandbox\Sandbox.csproj", "{8945F317-1BDB-4A5F-9B3C-42484DCE1277}"
EndProject
Global
	GlobalSection(SolutionConfigurationPlatforms) = preSolution
		Debug|Any CPU = Debug|Any CPU
		Release|Any CPU = Release|Any CPU
	EndGlobalSection
	GlobalSection(ProjectConfigurationPlatforms) = postSolution
		{250A3188-A55A-4A41-ADAB-95436F1B7950}.Debug|Any CPU.ActiveCfg = Debug|Any CPU
		{250A3188-A55A-4A41-ADAB-95436F1B7950}.Debug|Any CPU.Build.0 = Debug|Any CPU
		{250A3188-A55A-4A41-ADAB-95436F1B7950}.Release|Any CPU.ActiveCfg = Release|Any CPU
		{250A3188-A55A-4A41-ADAB-95436F1B7950}.Release|Any CPU.Build.0 = Release|Any CPU
		{A1F4E4A4-819D-4753-91A2-CA932A52EDCE}.Debug|Any CPU.ActiveCfg = Debug|Any CPU
		{A1F4E4A4-819D-4753-91A2-CA932A52EDCE}.Debug|Any CPU.Build.0 = Debug|Any CPU
		{A1F4E4A4-819D-4753-91A2-CA932A52EDCE}.Release|Any CPU.ActiveCfg = Release|Any CPU
		{A1F4E4A4-819D-4753-91A2-CA932A52EDCE}.Release|Any CPU.Build.0 = Release|Any CPU
		{68FE6569-D252-457E-8EC3-D7A8965AB1FA}.Debug|Any CPU.ActiveCfg = Debug|Any CPU
		{68FE6569-D252-457E-8EC3-D7A8965AB1FA}.Debug|Any CPU.Build.0 = Debug|Any CPU
		{68FE6569-D252-457E-8EC3-D7A8965AB1FA}.Release|Any CPU.ActiveCfg = Release|Any CPU
		{68FE6569-D252-457E-8EC3-D7A8965AB1FA}.Release|Any CPU.Build.0 = Release|Any CPU
		{0EE149F3-671B-418F-BEA0-037761B1974F}.Debug|Any CPU.ActiveCfg = Debug|Any CPU
		{0EE149F3-671B-418F-BEA0-037761B1974F}.Debug|Any CPU.Build.0 = Debug|Any CPU
		{0EE149F3-671B-418F-BEA0-037761B1974F}.Release|Any CPU.ActiveCfg = Release|Any CPU
		{0EE149F3-671B-418F-BEA0-037761B1974F}.Release|Any CPU.Build.0 = Release|Any CPU
		{2EB8E430-B997-4BA8-AE1C-DE834CF5FD72}.Debug|Any CPU.ActiveCfg = Debug|Any CPU
		{2EB8E430-B997-4BA8-AE1C-DE834CF5FD72}.Debug|Any CPU.Build.0 = Debug|Any CPU
		{2EB8E430-B997-4BA8-AE1C-DE834CF5FD72}.Release|Any CPU.ActiveCfg = Release|Any CPU
		{2EB8E430-B997-4BA8-AE1C-DE834CF5FD72}.Release|Any CPU.Build.0 = Release|Any CPU
		{A22ECED9-46F5-4F54-B2B4-3C62C0AECDF7}.Debug|Any CPU.ActiveCfg = Debug|Any CPU
		{A22ECED9-46F5-4F54-B2B4-3C62C0AECDF7}.Debug|Any CPU.Build.0 = Debug|Any CPU
		{A22ECED9-46F5-4F54-B2B4-3C62C0AECDF7}.Release|Any CPU.ActiveCfg = Release|Any CPU
		{A22ECED9-46F5-4F54-B2B4-3C62C0AECDF7}.Release|Any CPU.Build.0 = Release|Any CPU
		{DD4C0FD3-F996-4DAF-B62B-F1DA02A5E796}.Debug|Any CPU.ActiveCfg = Debug|Any CPU
		{DD4C0FD3-F996-4DAF-B62B-F1DA02A5E796}.Debug|Any CPU.Build.0 = Debug|Any CPU
		{DD4C0FD3-F996-4DAF-B62B-F1DA02A5E796}.Release|Any CPU.ActiveCfg = Release|Any CPU
		{DD4C0FD3-F996-4DAF-B62B-F1DA02A5E796}.Release|Any CPU.Build.0 = Release|Any CPU
		{8B532503-6B12-415B-8EBA-BC4A49C1FA0A}.Debug|Any CPU.ActiveCfg = Debug|Any CPU
		{8B532503-6B12-415B-8EBA-BC4A49C1FA0A}.Debug|Any CPU.Build.0 = Debug|Any CPU
		{8B532503-6B12-415B-8EBA-BC4A49C1FA0A}.Release|Any CPU.ActiveCfg = Release|Any CPU
		{8B532503-6B12-415B-8EBA-BC4A49C1FA0A}.Release|Any CPU.Build.0 = Release|Any CPU
		{A942A534-7C36-453E-95CF-8F44100CBA16}.Debug|Any CPU.ActiveCfg = Debug|Any CPU
		{A942A534-7C36-453E-95CF-8F44100CBA16}.Debug|Any CPU.Build.0 = Debug|Any CPU
		{A942A534-7C36-453E-95CF-8F44100CBA16}.Release|Any CPU.ActiveCfg = Release|Any CPU
		{A942A534-7C36-453E-95CF-8F44100CBA16}.Release|Any CPU.Build.0 = Release|Any CPU
		{5802A952-3DAF-45E0-8795-A9409538DAFA}.Debug|Any CPU.ActiveCfg = Debug|Any CPU
		{5802A952-3DAF-45E0-8795-A9409538DAFA}.Debug|Any CPU.Build.0 = Debug|Any CPU
		{5802A952-3DAF-45E0-8795-A9409538DAFA}.Release|Any CPU.ActiveCfg = Release|Any CPU
		{5802A952-3DAF-45E0-8795-A9409538DAFA}.Release|Any CPU.Build.0 = Release|Any CPU
		{DF798E74-9B45-4D67-ACDF-F0C6B23A5F13}.Debug|Any CPU.ActiveCfg = Debug|Any CPU
		{DF798E74-9B45-4D67-ACDF-F0C6B23A5F13}.Debug|Any CPU.Build.0 = Debug|Any CPU
		{DF798E74-9B45-4D67-ACDF-F0C6B23A5F13}.Release|Any CPU.ActiveCfg = Release|Any CPU
		{DF798E74-9B45-4D67-ACDF-F0C6B23A5F13}.Release|Any CPU.Build.0 = Release|Any CPU
		{B2CDBFEB-40E7-4F94-B04B-7069DA3702DB}.Debug|Any CPU.ActiveCfg = Debug|Any CPU
		{B2CDBFEB-40E7-4F94-B04B-7069DA3702DB}.Debug|Any CPU.Build.0 = Debug|Any CPU
		{B2CDBFEB-40E7-4F94-B04B-7069DA3702DB}.Release|Any CPU.ActiveCfg = Release|Any CPU
		{B2CDBFEB-40E7-4F94-B04B-7069DA3702DB}.Release|Any CPU.Build.0 = Release|Any CPU
		{D65A0556-6CFB-4C61-8BEB-10FD94E26B87}.Debug|Any CPU.ActiveCfg = Debug|Any CPU
		{D65A0556-6CFB-4C61-8BEB-10FD94E26B87}.Debug|Any CPU.Build.0 = Debug|Any CPU
		{D65A0556-6CFB-4C61-8BEB-10FD94E26B87}.Release|Any CPU.ActiveCfg = Release|Any CPU
		{D65A0556-6CFB-4C61-8BEB-10FD94E26B87}.Release|Any CPU.Build.0 = Release|Any CPU
		{2E563BE8-1D43-41EC-A7AB-D6C86E8B4989}.Debug|Any CPU.ActiveCfg = Debug|Any CPU
		{2E563BE8-1D43-41EC-A7AB-D6C86E8B4989}.Debug|Any CPU.Build.0 = Debug|Any CPU
		{2E563BE8-1D43-41EC-A7AB-D6C86E8B4989}.Release|Any CPU.ActiveCfg = Release|Any CPU
		{2E563BE8-1D43-41EC-A7AB-D6C86E8B4989}.Release|Any CPU.Build.0 = Release|Any CPU
		{BBD139C6-B0E4-4A09-A1CB-0EF0896DB5E6}.Debug|Any CPU.ActiveCfg = Debug|Any CPU
		{BBD139C6-B0E4-4A09-A1CB-0EF0896DB5E6}.Debug|Any CPU.Build.0 = Debug|Any CPU
		{BBD139C6-B0E4-4A09-A1CB-0EF0896DB5E6}.Release|Any CPU.ActiveCfg = Release|Any CPU
		{BBD139C6-B0E4-4A09-A1CB-0EF0896DB5E6}.Release|Any CPU.Build.0 = Release|Any CPU
		{9CD42F62-0300-43F4-A8DF-29CBD49A7786}.Debug|Any CPU.ActiveCfg = Debug|Any CPU
		{9CD42F62-0300-43F4-A8DF-29CBD49A7786}.Debug|Any CPU.Build.0 = Debug|Any CPU
		{9CD42F62-0300-43F4-A8DF-29CBD49A7786}.Release|Any CPU.ActiveCfg = Release|Any CPU
		{9CD42F62-0300-43F4-A8DF-29CBD49A7786}.Release|Any CPU.Build.0 = Release|Any CPU
		{BA69D0D7-D08C-48DA-B116-FDE20223C52E}.Debug|Any CPU.ActiveCfg = Debug|Any CPU
		{BA69D0D7-D08C-48DA-B116-FDE20223C52E}.Debug|Any CPU.Build.0 = Debug|Any CPU
		{BA69D0D7-D08C-48DA-B116-FDE20223C52E}.Release|Any CPU.ActiveCfg = Release|Any CPU
		{BA69D0D7-D08C-48DA-B116-FDE20223C52E}.Release|Any CPU.Build.0 = Release|Any CPU
		{AA3FEC9C-49A7-4925-BA67-EA93A02133C9}.Debug|Any CPU.ActiveCfg = Debug|Any CPU
		{AA3FEC9C-49A7-4925-BA67-EA93A02133C9}.Debug|Any CPU.Build.0 = Debug|Any CPU
		{AA3FEC9C-49A7-4925-BA67-EA93A02133C9}.Release|Any CPU.ActiveCfg = Release|Any CPU
		{AA3FEC9C-49A7-4925-BA67-EA93A02133C9}.Release|Any CPU.Build.0 = Release|Any CPU
		{8945F317-1BDB-4A5F-9B3C-42484DCE1277}.Debug|Any CPU.ActiveCfg = Debug|Any CPU
		{8945F317-1BDB-4A5F-9B3C-42484DCE1277}.Debug|Any CPU.Build.0 = Debug|Any CPU
		{8945F317-1BDB-4A5F-9B3C-42484DCE1277}.Release|Any CPU.ActiveCfg = Release|Any CPU
		{8945F317-1BDB-4A5F-9B3C-42484DCE1277}.Release|Any CPU.Build.0 = Release|Any CPU
	EndGlobalSection
	GlobalSection(SolutionProperties) = preSolution
		HideSolutionNode = FALSE
	EndGlobalSection
	GlobalSection(NestedProjects) = preSolution
		{250A3188-A55A-4A41-ADAB-95436F1B7950} = {CDF65781-C5AD-4D2C-9AB9-D36CD1A937EA}
		{A1F4E4A4-819D-4753-91A2-CA932A52EDCE} = {CDF65781-C5AD-4D2C-9AB9-D36CD1A937EA}
		{68FE6569-D252-457E-8EC3-D7A8965AB1FA} = {CDF65781-C5AD-4D2C-9AB9-D36CD1A937EA}
		{0EE149F3-671B-418F-BEA0-037761B1974F} = {CDF65781-C5AD-4D2C-9AB9-D36CD1A937EA}
		{2EB8E430-B997-4BA8-AE1C-DE834CF5FD72} = {CDF65781-C5AD-4D2C-9AB9-D36CD1A937EA}
		{A22ECED9-46F5-4F54-B2B4-3C62C0AECDF7} = {89680310-EF8E-47FC-8D56-971C7A1BC263}
		{DD4C0FD3-F996-4DAF-B62B-F1DA02A5E796} = {89680310-EF8E-47FC-8D56-971C7A1BC263}
		{8B532503-6B12-415B-8EBA-BC4A49C1FA0A} = {89680310-EF8E-47FC-8D56-971C7A1BC263}
		{A942A534-7C36-453E-95CF-8F44100CBA16} = {89680310-EF8E-47FC-8D56-971C7A1BC263}
		{5802A952-3DAF-45E0-8795-A9409538DAFA} = {89680310-EF8E-47FC-8D56-971C7A1BC263}
		{DF798E74-9B45-4D67-ACDF-F0C6B23A5F13} = {CDD88066-AFBD-4A0D-BF59-7A26584045C3}
		{B2CDBFEB-40E7-4F94-B04B-7069DA3702DB} = {CDD88066-AFBD-4A0D-BF59-7A26584045C3}
		{D65A0556-6CFB-4C61-8BEB-10FD94E26B87} = {CDD88066-AFBD-4A0D-BF59-7A26584045C3}
		{2E563BE8-1D43-41EC-A7AB-D6C86E8B4989} = {CDD88066-AFBD-4A0D-BF59-7A26584045C3}
		{BBD139C6-B0E4-4A09-A1CB-0EF0896DB5E6} = {37480157-1069-49D3-9CC4-12FDE2FFA748}
		{9CD42F62-0300-43F4-A8DF-29CBD49A7786} = {37480157-1069-49D3-9CC4-12FDE2FFA748}
		{BA69D0D7-D08C-48DA-B116-FDE20223C52E} = {37480157-1069-49D3-9CC4-12FDE2FFA748}
		{AA3FEC9C-49A7-4925-BA67-EA93A02133C9} = {37480157-1069-49D3-9CC4-12FDE2FFA748}
		{8945F317-1BDB-4A5F-9B3C-42484DCE1277} = {3C06BBA5-7501-4BF9-873E-B2B709BF895D}
	EndGlobalSection
	GlobalSection(ExtensibilityGlobals) = postSolution
		SolutionGuid = {04F36C73-C3FA-42E0-8C48-7AF8ABFBC764}
	EndGlobalSection
EndGlobal
